
Microsoft Visual Studio Solution File, Format Version 12.00
# Visual Studio 14
VisualStudioVersion = 14.0.23107.0
MinimumVisualStudioVersion = 10.0.40219.1
Project("{FAE04EC0-301F-11D3-BF4B-00C04F79EFBC}") = "DAL", "DAL\DAL.csproj", "{992DF7FC-0FC2-4906-9D46-23761F9EF967}"
EndProject
Project("{FAE04EC0-301F-11D3-BF4B-00C04F79EFBC}") = "Client", "Client\Client.csproj", "{BF789C03-5A6A-4FD1-8DDF-EDB45E47A2DB}"
EndProject
Global
	GlobalSection(SolutionConfigurationPlatforms) = preSolution
		Debug|Any CPU = Debug|Any CPU
		Release|Any CPU = Release|Any CPU
	EndGlobalSection
	GlobalSection(ProjectConfigurationPlatforms) = postSolution
		{992DF7FC-0FC2-4906-9D46-23761F9EF967}.Debug|Any CPU.ActiveCfg = Debug|Any CPU
		{992DF7FC-0FC2-4906-9D46-23761F9EF967}.Debug|Any CPU.Build.0 = Debug|Any CPU
		{992DF7FC-0FC2-4906-9D46-23761F9EF967}.Release|Any CPU.ActiveCfg = Release|Any CPU
		{992DF7FC-0FC2-4906-9D46-23761F9EF967}.Release|Any CPU.Build.0 = Release|Any CPU
		{BF789C03-5A6A-4FD1-8DDF-EDB45E47A2DB}.Debug|Any CPU.ActiveCfg = Debug|Any CPU
		{BF789C03-5A6A-4FD1-8DDF-EDB45E47A2DB}.Debug|Any CPU.Build.0 = Debug|Any CPU
		{BF789C03-5A6A-4FD1-8DDF-EDB45E47A2DB}.Release|Any CPU.ActiveCfg = Release|Any CPU
		{BF789C03-5A6A-4FD1-8DDF-EDB45E47A2DB}.Release|Any CPU.Build.0 = Release|Any CPU
	EndGlobalSection
	GlobalSection(SolutionProperties) = preSolution
		HideSolutionNode = FALSE
	EndGlobalSection
EndGlobal
